
Microsoft Visual Studio Solution File, Format Version 12.00
# Visual Studio Version 17
VisualStudioVersion = 17.4.33122.133
MinimumVisualStudioVersion = 10.0.40219.1
Project("{FAE04EC0-301F-11D3-BF4B-00C04F79EFBC}") = "Day02", "Day02\Day02.csproj", "{BF0FE2B9-98B3-4C94-88A3-DD31034CF539}"
EndProject
Project("{FAE04EC0-301F-11D3-BF4B-00C04F79EFBC}") = "OOP", "OOP\OOP.csproj", "{D5D8E2C2-9D41-4E0C-959B-72BCBF075DB2}"
EndProject
Global
	GlobalSection(SolutionConfigurationPlatforms) = preSolution
		Debug|Any CPU = Debug|Any CPU
		Release|Any CPU = Release|Any CPU
	EndGlobalSection
	GlobalSection(ProjectConfigurationPlatforms) = postSolution
		{BF0FE2B9-98B3-4C94-88A3-DD31034CF539}.Debug|Any CPU.ActiveCfg = Debug|Any CPU
		{BF0FE2B9-98B3-4C94-88A3-DD31034CF539}.Debug|Any CPU.Build.0 = Debug|Any CPU
		{BF0FE2B9-98B3-4C94-88A3-DD31034CF539}.Release|Any CPU.ActiveCfg = Release|Any CPU
		{BF0FE2B9-98B3-4C94-88A3-DD31034CF539}.Release|Any CPU.Build.0 = Release|Any CPU
		{D5D8E2C2-9D41-4E0C-959B-72BCBF075DB2}.Debug|Any CPU.ActiveCfg = Debug|Any CPU
		{D5D8E2C2-9D41-4E0C-959B-72BCBF075DB2}.Debug|Any CPU.Build.0 = Debug|Any CPU
		{D5D8E2C2-9D41-4E0C-959B-72BCBF075DB2}.Release|Any CPU.ActiveCfg = Release|Any CPU
		{D5D8E2C2-9D41-4E0C-959B-72BCBF075DB2}.Release|Any CPU.Build.0 = Release|Any CPU
	EndGlobalSection
	GlobalSection(SolutionProperties) = preSolution
		HideSolutionNode = FALSE
	EndGlobalSection
	GlobalSection(ExtensibilityGlobals) = postSolution
		SolutionGuid = {F3729306-FFEF-4947-9440-A2B1D3F51C76}
	EndGlobalSection
EndGlobal
